{
  "name": "csc437",
  "version": "1.0.0",
  "lockfileVersion": 3,
  "requires": true,
  "packages": {
    "": {
      "name": "csc437",
      "version": "1.0.0",
      "license": "ISC",
      "workspaces": [
        "packages/*"
      ]
    },
    "node_modules/lit-frontend": {
      "resolved": "packages/lit-frontend",
      "link": true
    },
    "node_modules/proto": {
      "resolved": "packages/proto",
      "link": true
    },
    "packages/lit-frontend": {
      "version": "1.0.0",
      "license": "ISC"
    },
    "packages/proto": {
      "version": "1.0.0",
      "license": "ISC"
    }
  }
}
